
Microsoft Visual Studio Solution File, Format Version 12.00
# Visual Studio 2012
Project("{8BC9CEB8-8B4A-11D0-8D11-00A0C91BC942}") = "Triangle3", "Triangle3\Triangle3.vcxproj", "{DBA55596-E6C1-4CBD-92D9-FAFA32042D13}"
EndProject
Global
	GlobalSection(SolutionConfigurationPlatforms) = preSolution
		Debug|Win32 = Debug|Win32
		Release|Win32 = Release|Win32
	EndGlobalSection
	GlobalSection(ProjectConfigurationPlatforms) = postSolution
		{DBA55596-E6C1-4CBD-92D9-FAFA32042D13}.Debug|Win32.ActiveCfg = Debug|Win32
		{DBA55596-E6C1-4CBD-92D9-FAFA32042D13}.Debug|Win32.Build.0 = Debug|Win32
		{DBA55596-E6C1-4CBD-92D9-FAFA32042D13}.Release|Win32.ActiveCfg = Release|Win32
		{DBA55596-E6C1-4CBD-92D9-FAFA32042D13}.Release|Win32.Build.0 = Release|Win32
	EndGlobalSection
	GlobalSection(SolutionProperties) = preSolution
		HideSolutionNode = FALSE
	EndGlobalSection
EndGlobal
